
Microsoft Visual Studio Solution File, Format Version 12.00
# Visual Studio Version 17
VisualStudioVersion = 17.9.34607.119
MinimumVisualStudioVersion = 10.0.40219.1
Project("{8BC9CEB8-8B4A-11D0-8D11-00A0C91BC942}") = "hw-test", "hw-test\hw-test.vcxproj", "{C7341915-15CE-4ECC-9432-C9E79F42368A}"
EndProject
Global
	GlobalSection(SolutionConfigurationPlatforms) = preSolution
		Debug|x64 = Debug|x64
		Debug|x86 = Debug|x86
		Release|x64 = Release|x64
		Release|x86 = Release|x86
	EndGlobalSection
	GlobalSection(ProjectConfigurationPlatforms) = postSolution
		{C7341915-15CE-4ECC-9432-C9E79F42368A}.Debug|x64.ActiveCfg = Debug|x64
		{C7341915-15CE-4ECC-9432-C9E79F42368A}.Debug|x64.Build.0 = Debug|x64
		{C7341915-15CE-4ECC-9432-C9E79F42368A}.Debug|x86.ActiveCfg = Debug|Win32
		{C7341915-15CE-4ECC-9432-C9E79F42368A}.Debug|x86.Build.0 = Debug|Win32
		{C7341915-15CE-4ECC-9432-C9E79F42368A}.Release|x64.ActiveCfg = Release|x64
		{C7341915-15CE-4ECC-9432-C9E79F42368A}.Release|x64.Build.0 = Release|x64
		{C7341915-15CE-4ECC-9432-C9E79F42368A}.Release|x86.ActiveCfg = Release|Win32
		{C7341915-15CE-4ECC-9432-C9E79F42368A}.Release|x86.Build.0 = Release|Win32
	EndGlobalSection
	GlobalSection(SolutionProperties) = preSolution
		HideSolutionNode = FALSE
	EndGlobalSection
	GlobalSection(ExtensibilityGlobals) = postSolution
		SolutionGuid = {B0CC60F6-3354-49C5-9250-76A251F2D264}
	EndGlobalSection
EndGlobal
